
Microsoft Visual Studio Solution File, Format Version 12.00
# Visual Studio 15
VisualStudioVersion = 15.0.27130.2027
MinimumVisualStudioVersion = 10.0.40219.1
Project("{FAE04EC0-301F-11D3-BF4B-00C04F79EFBC}") = "4Browser", "4Browser\4Browser.csproj", "{EE25B353-2172-4CD5-A5D6-AD5F3D85E122}"
EndProject
Project("{2150E333-8FDC-42A3-9474-1A3956D46DE8}") = "Solution Items", "Solution Items", "{CBA8CC74-FC75-44A2-8828-1D42262D099A}"
	ProjectSection(SolutionItems) = preProject
		README.ME = README.ME
	EndProjectSection
EndProject
Global
	GlobalSection(SolutionConfigurationPlatforms) = preSolution
		Debug|Any CPU = Debug|Any CPU
		Release|Any CPU = Release|Any CPU
	EndGlobalSection
	GlobalSection(ProjectConfigurationPlatforms) = postSolution
		{EE25B353-2172-4CD5-A5D6-AD5F3D85E122}.Debug|Any CPU.ActiveCfg = Debug|Any CPU
		{EE25B353-2172-4CD5-A5D6-AD5F3D85E122}.Debug|Any CPU.Build.0 = Debug|Any CPU
		{EE25B353-2172-4CD5-A5D6-AD5F3D85E122}.Release|Any CPU.ActiveCfg = Release|Any CPU
		{EE25B353-2172-4CD5-A5D6-AD5F3D85E122}.Release|Any CPU.Build.0 = Release|Any CPU
	EndGlobalSection
	GlobalSection(SolutionProperties) = preSolution
		HideSolutionNode = FALSE
	EndGlobalSection
	GlobalSection(ExtensibilityGlobals) = postSolution
		SolutionGuid = {EFA99CF5-2ADE-45CE-91B6-ABCEB1438654}
	EndGlobalSection
EndGlobal
